# WM-001 protocol 1.7.0 isolated live execution closure.
# Versions preserve the v1.4 scientific runtime; each v1.7 digest covers
# the executable or every stable installed distribution file.
python==3.12.9 --distribution-sha256=d9b73f600a860cefe799d7b4d21bad64719231227c2cf326ca17ed94624841af
attrs==26.1.0 --distribution-sha256=1b832c73cc494544dc1a27c82e0701cd6eac8c0ab9fa4fd9b1e3fe1dd687e457
cloudpickle==3.1.2 --distribution-sha256=1ff8d5b110d423833f77be413c89e7e3355cf7fcd778efbc2180f1dfc2e27abe
farama-notifications==0.0.6 --distribution-sha256=4acd576fc64f208f858a8b8316b982519e41264f4d44e4a9a89401ffc9d95259
filelock==3.18.0 --distribution-sha256=b2e315c83e67522f63f3e35a2516e5727e777a6ee6360d49a64e3e886f15eb6e
fsspec==2025.3.0 --distribution-sha256=3dc2536468eaf577b08d2276fc6b4f2a1bce7fe7050fdaebfbbb12f087c48bfd
gymnasium==0.29.1 --distribution-sha256=26e63050893c6aff6497bddbe4f7c1868ce602f82d3f7417c8490ab94c58c95b
hoptorch==0.1.4 --distribution-sha256=5da872654fa2c19d66b8f37f5237e0095206fcf29c88123df249026ca6d4b383
importlib-metadata==9.0.0 --distribution-sha256=ae4f1b60e65fbb28da84669d4a6f36cd3b9e549e9e5987feaad660281d3a66d9
jinja2==3.1.6 --distribution-sha256=075efe8e874ad42a629a1f6cbfdbc09312f4ad7aa51b505e97782007f58a93a9
jsonschema==4.25.1 --distribution-sha256=0c94e3267459ba8998cdd993a15e1d86d7e7ea5d4449bd9ae0362f1ec03f5377
jsonschema-specifications==2025.9.1 --distribution-sha256=84cd702aca55e8b9626961cdbf61502d02eb9191e9fd9af241bb7ab3c9805034
markupsafe==3.0.2 --distribution-sha256=ab5278c9b4ee67dd56dbd45ccc74f2fbc6b741d9a0ee33f73c0196c310f0734c
mpmath==1.3.0 --distribution-sha256=00cc5ac8f637e86662f05dc6addbe008a00db3ec77a87c8a337265ff09fa66c0
networkx==3.4.2 --distribution-sha256=d03d598d018c580c1e91229095c1d50d89f9125c60493ceacb53d996fc1a5cc6
numpy==2.1.3 --distribution-sha256=f5d45322a3116a09d10450e8171d29b9d1a73915fc724ede18f4d73acf4bb25e
nvidia-cublas-cu12==12.8.4.1 --distribution-sha256=1ad0fa1c51f9e3a39949bc7bc5aa8779d7bb65516621c38c62d6949455fb9ba6
nvidia-cuda-cupti-cu12==12.8.90 --distribution-sha256=fe3b1673b89cb4f577eb7889a87a563b1cdd827f731455f0f2fac9170e43a3ad
nvidia-cuda-nvrtc-cu12==12.8.93 --distribution-sha256=37a39b3d01de0c269766352440b4be167673d2696163ccccb5b69625e85a9a77
nvidia-cuda-runtime-cu12==12.8.90 --distribution-sha256=36fcb4b808314333e78e8b966ff4bd9263e09b54d0489939a93ea7f1464ecc42
nvidia-cudnn-cu12==9.10.2.21 --distribution-sha256=d254f4384403ab6ad8d28e8097f07d1c9927e92d6dc2e3c17da66054a5687ae7
nvidia-cufft-cu12==11.3.3.83 --distribution-sha256=ae3b16a61f1149bd9dd2bca7dc4ab3a8a1030d1012a477c3bf5b1d1f33bbb8c6
nvidia-cufile-cu12==1.13.1.3 --distribution-sha256=35fa44582a813331285b9c679d307b8b43140eec95e5a6c595d5ca58b1400dd3
nvidia-curand-cu12==10.3.9.90 --distribution-sha256=68fd7308e493560233deccadecb23ed9a1f82d7ff1f72347606cc49ccc7b0b34
nvidia-cusolver-cu12==11.7.3.90 --distribution-sha256=bedbae78a617ca3ae9754bf8f4afc9c4cb71e88029ce3a84ab46d6b628594ae8
nvidia-cusparse-cu12==12.5.8.93 --distribution-sha256=dde2465e55321bd910f1b4100f13873d5b1b2a6bbc405ed5d4aeb01ff3d7708e
nvidia-cusparselt-cu12==0.7.1 --distribution-sha256=b0bc129be06baf036928e53d61e9bcf6c8d6f35d13dd94c73600f404a2bd3729
nvidia-nccl-cu12==2.27.5 --distribution-sha256=93f9bd1b427b2081231242e09c9cb1b7486c4232ae5ee02a470ffe6502568e01
nvidia-nvjitlink-cu12==12.8.93 --distribution-sha256=5ba5b39d46150ccfaf20a83ed5116ecda64b5d27a59c1b6d94803999a31402e3
nvidia-nvshmem-cu12==3.3.20 --distribution-sha256=55852fc75afc8ea3784b677e2bfe763f7f9fbdb72e9bf64c47c414ce024d5575
nvidia-nvtx-cu12==12.8.90 --distribution-sha256=768bb8860727103d9250e2ea95e9c03aa226153ab2549092a53500c65612dac7
orjson==3.11.9 --distribution-sha256=bc7bcfae42b7961caa680d26402a8eb39738f5f3e1b856d3aac83db23d09dd8d
packaging==24.2 --distribution-sha256=2d6ad0d304cad02f9eb0a097764c724cebdc5a77cdee253cba36e81adbd01629
prospect==0.0.1 --distribution-sha256=54067394cc5b1fad3da31ad45184a612fc7e6688209e1309734827d9288b62c6
pyvers==0.2.3 --distribution-sha256=6dd75b92d86220ffad7642c7825549fc428954c452cfd98c9d435a6be539ce7d
referencing==0.37.0 --distribution-sha256=771c0599ef6190537198d7edacc339e7cbe5d20f3230c0a756a2e89a4e0740cf
rpds-py==2026.6.3 --distribution-sha256=906aeb81e70a7113280bf5f9b1bf6cb2da6a300e3191f0f74a8211d06738578a
setuptools==75.8.0 --distribution-sha256=a4f161e0047ecca4d2323910f4432c00abc0a38edd0324cff270ceea51103951
sympy==1.14.0 --distribution-sha256=a8718cffeb1a265d9663c62a28efb246ef1f2b32682681b52e83d1ab627ce32f
tensordict==0.13.0 --distribution-sha256=387aa94ba9599aa3b4300d0bdd8a6157f341462782c7c8282c4ed1bc9cbbde08
torch==2.9.0 --distribution-sha256=975509cf765d65cf407a6dd2f6cabdfbc129c3df5b0bc4d08a7391934311671b
torchrl==0.13.3 --distribution-sha256=544753278f01736eb6b051da0d8c735cfa7d9e9da4de3c8985b962a58a8b253e
triton==3.5.0 --distribution-sha256=b6942148b4178eabc23473f90f7832082244df2c83a39ca908d8fe229e59e609
typing-extensions==4.12.2 --distribution-sha256=35f30c129d58522ac4dc115e91968415c98e06526c3bbca5d738b925481936e6
zipp==4.1.0 --distribution-sha256=93addf232e926e6d522f0b59547123fab263404975dbf1b8b0b8b049a29e2aae
