# WM-001 protocol 1.4.0 live execution closure.
# Each digest covers the installed Python executable or every stable declared
# distribution file selected by bench.world_model_lifecycle.binding.
python==3.12.9 --distribution-sha256=d9b73f600a860cefe799d7b4d21bad64719231227c2cf326ca17ed94624841af
attrs==26.1.0 --distribution-sha256=559c6036937ee238d0be1854e5e277206f0b9636652783c1a3b87987f4246e21
cloudpickle==3.1.2 --distribution-sha256=166d2a8ca9b50d6bd7b691f109b37fea2256d18ea5693936b9f72e28fd10a42f
farama-notifications==0.0.6 --distribution-sha256=4fdc469b362e0e53ff06f32a976cdf199f1ca561089354032f3086600a971452
filelock==3.18.0 --distribution-sha256=790a016d432d0e8005396f7009225a375907339d322a1cddbf2bc60287fa84d9
fsspec==2025.3.0 --distribution-sha256=0b12085b0a2310f8a8254ee9365b0402c644ded532ee610fb43f8179f170c7be
gymnasium==0.29.1 --distribution-sha256=a748de15317a6b960a9a6ab103d1e83c530b5647baa72635a102bb86ae26f85b
hoptorch==0.1.4 --distribution-sha256=60074c42c2d0a95f001cea81983cb868c60cd291d57d2f8f20fdccc6f76be38d
importlib-metadata==9.0.0 --distribution-sha256=1ff605b1115829921a0256245856b8edeaeaccd9898724b9e96be0900908e42e
jinja2==3.1.6 --distribution-sha256=966a29d2fe104840b8b5f28d8256f03f140df0fee5c76e78d44446449ffb0ade
jsonschema==4.25.1 --distribution-sha256=5c89b51510aa875386c4f881de7c14ddbf9d91bedddd6338692c88d6f1a53b77
jsonschema-specifications==2025.9.1 --distribution-sha256=1406edcbf911f001d2f67f89779637a35fbcdc36f2a7c3185db6123fcf95c4ce
markupsafe==3.0.2 --distribution-sha256=97f24a56101231569a7ad25222195e38704df44ade13485ae8ee18918feee0d9
mpmath==1.3.0 --distribution-sha256=c9259a4773e2b3e68fdb9b043b4a625d5f90973d982ab42e9466267ec9202d0d
networkx==3.4.2 --distribution-sha256=df8fb781cb7cae046076e38a19e032ce61107179167c0a09300dc0cbe615c8f2
numpy==2.1.3 --distribution-sha256=bab2cb3e54673014ea94db18fe250bbbde4eb4d8c2d14d0c8a0b2c1de30cdc1d
nvidia-cublas-cu12==12.8.4.1 --distribution-sha256=f79a954228f751d816e750cbfcd7c7d34f92f0ea4774983df8ca08a6fd2c5abd
nvidia-cuda-cupti-cu12==12.8.90 --distribution-sha256=ab31c3b0b40050afcf82f312ff816fd885c07b3e4171bd4ba5dee9dfcb0ac255
nvidia-cuda-nvrtc-cu12==12.8.93 --distribution-sha256=9ae049933444132cfdb8a525c83e42367580d1b7f2380a087525438018bbf5de
nvidia-cuda-runtime-cu12==12.8.90 --distribution-sha256=171e1dc248bf7770d9222885149df0a865446fbc94adf131a167a1ae1b678e67
nvidia-cudnn-cu12==9.10.2.21 --distribution-sha256=704e819c0e2af9e590e4eb332ef8c545affeb82f53c958693bab67aa7f7e99f1
nvidia-cufft-cu12==11.3.3.83 --distribution-sha256=4c798533041e6f4a0bceaaca6b189a912b5731d46694decdcc74b78ae8500f0f
nvidia-cufile-cu12==1.13.1.3 --distribution-sha256=74d7d34c49d4dd1a6cacf67c4d774dc54ecddad0513148434c8eee7fc39c308e
nvidia-curand-cu12==10.3.9.90 --distribution-sha256=36c9dd42b4aa33dea754430ec03d3b44681c95afdca58840ff116fdddb6aed05
nvidia-cusolver-cu12==11.7.3.90 --distribution-sha256=974f7fe2d964200de91d24502766e8e2988ab0e7f568f43fe61f4128396ee714
nvidia-cusparse-cu12==12.5.8.93 --distribution-sha256=02999d0e90ecb6141622a00cc5ee03dc9d15cdab5ef9c72b1b79f9abfe0422d7
nvidia-cusparselt-cu12==0.7.1 --distribution-sha256=6f8a95be094daea14aaea5d20009584598962ed20a4a872cb95e66572c3ed72d
nvidia-nccl-cu12==2.27.5 --distribution-sha256=5a19dd855f8af09d63be90fdbf896777d3e3866efe198a220a9f4a21f0055c4a
nvidia-nvjitlink-cu12==12.8.93 --distribution-sha256=caa2894bf681a91269946a618b50a2bae9f9dca54e113bcf6cdaa44e7303cae7
nvidia-nvshmem-cu12==3.3.20 --distribution-sha256=0bfc354141ce45cc24e79c4535f1434fccfd578dabfc94973af753343d9cbac7
nvidia-nvtx-cu12==12.8.90 --distribution-sha256=e78245dbcca968544c2c4519d79c44f12854ce034067a7d39522e903b2f01452
orjson==3.11.9 --distribution-sha256=d2d10d81bd9742ed31470e51879d201dcc1c877c35fdc09f6ce5d1d6698608cf
packaging==24.2 --distribution-sha256=e151b985ad58d5419cce6bb267caeff13b7eb0042acb571c5b5aed222c01bb02
prospect==0.0.1 --distribution-sha256=8a424c41df6c1a44cc31a6af52e375d93a94910cccdba64b9b61a5d75fa5b8a4
pyvers==0.2.3 --distribution-sha256=90a35242d1e71916ae1e3d3c1529476f19dd46db84e662d700443f2fe7867767
referencing==0.37.0 --distribution-sha256=4cd3c3967354f83b2c0f89ede6dfbc630dc74d4d4fb1b3e32265530918674519
rpds-py==2026.6.3 --distribution-sha256=89729f91a70f3d3e8d5206074c346d011f2ba322df6c96a036f50c5c9a5b5d79
setuptools==75.8.0 --distribution-sha256=6a2e8f2a1fedb8dca6a3d1b904a3bae1bea5bb56f0f1ae988d8ab44ad08a3f95
sympy==1.14.0 --distribution-sha256=b82fe238958a9be0f94c5a9c6c44c6eeecb091f555f0096e10ff6a0404442fa5
tensordict==0.13.0 --distribution-sha256=169a1bf7aec89e6cf9d3844f85fd6fbadf34c0443a188c1ff1152e6b8f845a65
torch==2.9.0 --distribution-sha256=62ceb73c9c2f7838a4d6f433bcf99a45fd18d62a46e6e69df49678a9cd53e8a2
torchrl==0.13.3 --distribution-sha256=2cdfd9d08155b34cc703cc98810badf7e8c5aad82b6a9d063f618a644bb8acd9
triton==3.5.0 --distribution-sha256=a44307565b3c3112e7b82dd85a92b5e96ac6a73ba73d9e20fd05097fbeaa6048
typing-extensions==4.12.2 --distribution-sha256=400f092decd5ac9c7152f8490e5b174538be2b3d106ccc80b9885febf97959e2
zipp==4.1.0 --distribution-sha256=81ace78f35c757333bd339580fb22635d2afe36d45d0ca4c375781411cc43b82
